<?xml version="1.0" encoding="utf-8"?>
<Project ToolsVersion="4.0" xmlns="http://schemas.microsoft.com/developer/msbuild/2003">
  <ItemGroup>
    <ClInclude Include="MESceneAutoLoader.h" />
    <ClInclude Include="mesal\AutoSceneManagerComponent.h">
      <Filter>mesal</Filter>
    </ClInclude>
  </ItemGroup>
  <ItemGroup>
    <ClCompile Include="dllmain.cpp" />
    <ClCompile Include="MESceneAutoLoader.cpp" />
    <ClCompile Include="mesal\AutoSceneManagerComponent.cpp">
      <Filter>mesal</Filter>
    </ClCompile>
  </ItemGroup>
  <ItemGroup>
    <Filter Include="mesal">
      <UniqueIdentifier>{d7d76bfc-0665-45a2-a54f-881f58f7177f}</UniqueIdentifier>
    </Filter>
  </ItemGroup>
</Project>